PODS:
  - shared (1.0)
  - shared_ui_compose (1.0)

DEPENDENCIES:
  - shared (from `../shared`)
  - shared_ui_compose (from `../shared-ui-compose`)

EXTERNAL SOURCES:
  shared:
    :path: "../shared"
  shared_ui_compose:
    :path: "../shared-ui-compose"

SPEC CHECKSUMS:
  shared: b9979ebeb117ab7da54062b7a049d76b22208406
  shared_ui_compose: c8367326fe5a5d05805259d6db7ca3e9600e7663

PODFILE CHECKSUM: 0a780ebd87fb135e8494e4b72a1722fe1c0b05a3

COCOAPODS: 1.15.2
