PODS:
  - shared (1.0)
  - shared_ui_compose (1.0)

DEPENDENCIES:
  - shared (from `../shared`)
  - shared_ui_compose (from `../shared-ui-compose`)

EXTERNAL SOURCES:
  shared:
    :path: "../shared"
  shared_ui_compose:
    :path: "../shared-ui-compose"

SPEC CHECKSUMS:
  shared: f0ba6785aeffd64bc76a04c30caba3b6c4120aac
  shared_ui_compose: 81251198ee116e9d64c17dd903913a16715907fc

PODFILE CHECKSUM: e43a087e9382d2b50a2620b09691ec5dd8e3defd

COCOAPODS: 1.15.2
