PODS:
  - shared (1.0)
  - shared_ui_compose (1.0)

DEPENDENCIES:
  - shared (from `../shared`)
  - shared_ui_compose (from `../shared-ui-compose`)

EXTERNAL SOURCES:
  shared:
    :path: "../shared"
  shared_ui_compose:
    :path: "../shared-ui-compose"

SPEC CHECKSUMS:
  shared: bce2fb3b5c8a6581309939d1931bd440caf9e2ac
  shared_ui_compose: 63bcc58d80b2fc9eb60ca0698d826034a0d19c65

PODFILE CHECKSUM: 1b409b477da1ed070a5a501d95c26b6d79d1c56d

COCOAPODS: 1.15.2
